
Microsoft Visual Studio Solution File, Format Version 12.00
# Visual Studio Version 17
VisualStudioVersion = 17.11.35327.3
MinimumVisualStudioVersion = 10.0.40219.1
Project("{8BC9CEB8-8B4A-11D0-8D11-00A0C91BC942}") = "Saliu_Felicia_ActivitateSD2024", "Saliu_Felicia_ActivitateSD2024.vcxproj", "{1B9836F3-1F49-4D91-9F49-FF93F5E200DF}"
EndProject
Global
	GlobalSection(SolutionConfigurationPlatforms) = preSolution
		Debug|x64 = Debug|x64
		Debug|x86 = Debug|x86
		Release|x64 = Release|x64
		Release|x86 = Release|x86
	EndGlobalSection
	GlobalSection(ProjectConfigurationPlatforms) = postSolution
		{1B9836F3-1F49-4D91-9F49-FF93F5E200DF}.Debug|x64.ActiveCfg = Debug|x64
		{1B9836F3-1F49-4D91-9F49-FF93F5E200DF}.Debug|x64.Build.0 = Debug|x64
		{1B9836F3-1F49-4D91-9F49-FF93F5E200DF}.Debug|x86.ActiveCfg = Debug|Win32
		{1B9836F3-1F49-4D91-9F49-FF93F5E200DF}.Debug|x86.Build.0 = Debug|Win32
		{1B9836F3-1F49-4D91-9F49-FF93F5E200DF}.Release|x64.ActiveCfg = Release|x64
		{1B9836F3-1F49-4D91-9F49-FF93F5E200DF}.Release|x64.Build.0 = Release|x64
		{1B9836F3-1F49-4D91-9F49-FF93F5E200DF}.Release|x86.ActiveCfg = Release|Win32
		{1B9836F3-1F49-4D91-9F49-FF93F5E200DF}.Release|x86.Build.0 = Release|Win32
	EndGlobalSection
	GlobalSection(SolutionProperties) = preSolution
		HideSolutionNode = FALSE
	EndGlobalSection
	GlobalSection(ExtensibilityGlobals) = postSolution
		SolutionGuid = {BAA81613-262F-4BB9-8A27-84DF060CE2FD}
	EndGlobalSection
EndGlobal
